
Microsoft Visual Studio Solution File, Format Version 12.00
# Visual Studio 15
VisualStudioVersion = 15.0.28010.2016
MinimumVisualStudioVersion = 10.0.40219.1
Project("{FAE04EC0-301F-11D3-BF4B-00C04F79EFBC}") = "WebAppDELICIAS", "WebAppDELICIAS\WebAppDELICIAS.csproj", "{143DD911-99B2-422E-B247-301D16C42201}"
EndProject
Global
	GlobalSection(SolutionConfigurationPlatforms) = preSolution
		Debug|Any CPU = Debug|Any CPU
		Release|Any CPU = Release|Any CPU
	EndGlobalSection
	GlobalSection(ProjectConfigurationPlatforms) = postSolution
		{143DD911-99B2-422E-B247-301D16C42201}.Debug|Any CPU.ActiveCfg = Debug|Any CPU
		{143DD911-99B2-422E-B247-301D16C42201}.Debug|Any CPU.Build.0 = Debug|Any CPU
		{143DD911-99B2-422E-B247-301D16C42201}.Release|Any CPU.ActiveCfg = Release|Any CPU
		{143DD911-99B2-422E-B247-301D16C42201}.Release|Any CPU.Build.0 = Release|Any CPU
	EndGlobalSection
	GlobalSection(SolutionProperties) = preSolution
		HideSolutionNode = FALSE
	EndGlobalSection
	GlobalSection(ExtensibilityGlobals) = postSolution
		SolutionGuid = {C6AEF8E9-30AE-4FE3-9C2C-04FAA5E53C70}
	EndGlobalSection
EndGlobal
